<?xml version="1.0" encoding="utf-8"?>
<Project ToolsVersion="4.0" xmlns="http://schemas.microsoft.com/developer/msbuild/2003">
  <ItemGroup>
    <ClCompile Include="main.cpp" />
    <ClCompile Include="KsHq.cpp">
      <Filter>KStart</Filter>
    </ClCompile>
    <ClCompile Include="base64.cpp" />
    <ClCompile Include="debug_log.cpp" />
    <ClCompile Include="network_interface.cpp" />
    <ClCompile Include="sha1.cpp" />
    <ClCompile Include="websocket_handler.cpp" />
    <ClCompile Include="websocket_request.cpp" />
    <ClCompile Include="websocket_respond.cpp" />
    <ClCompile Include="CXTimer.cpp" />
  </ItemGroup>
  <ItemGroup>
    <Filter Include="KStart">
      <UniqueIdentifier>{93a4b3a0-4609-4f60-9b41-edf3c204eb95}</UniqueIdentifier>
    </Filter>
  </ItemGroup>
  <ItemGroup>
    <ClInclude Include="KSGMdAPI.h">
      <Filter>KStart</Filter>
    </ClInclude>
    <ClInclude Include="KSGUserApiDataType.h">
      <Filter>KStart</Filter>
    </ClInclude>
    <ClInclude Include="KSGUserApiStruct.h">
      <Filter>KStart</Filter>
    </ClInclude>
    <ClInclude Include="KsHq.h">
      <Filter>KStart</Filter>
    </ClInclude>
    <ClInclude Include="base64.h" />
    <ClInclude Include="debug_log.h" />
    <ClInclude Include="network_interface.h" />
    <ClInclude Include="sha1.h" />
    <ClInclude Include="websocket_handler.h" />
    <ClInclude Include="websocket_request.h" />
    <ClInclude Include="websocket_respond.h" />
    <ClInclude Include="CXTimer.h" />
  </ItemGroup>
</Project>